
Microsoft Visual Studio Solution File, Format Version 11.00
# Visual Studio 2010
Project("{FAE04EC0-301F-11D3-BF4B-00C04F79EFBC}") = "BumperServer", "BumperServer.csproj", "{5287BA1F-8DC8-472E-AA1E-C256DA1F4DFC}"
EndProject
Project("{FAE04EC0-301F-11D3-BF4B-00C04F79EFBC}") = "OpenNI.net", "..\OpenNI\Wrappers\OpenNI.net\OpenNI.net.csproj", "{BAA03485-E635-4EBE-AC5C-1966782C977F}"
EndProject
Project("{FAE04EC0-301F-11D3-BF4B-00C04F79EFBC}") = "KinectWPF", "..\KinectWPF\KinectWPF.csproj", "{E4BA95E0-EC5B-4C1A-88B2-8B3F0C0FD76C}"
EndProject
Global
	GlobalSection(SolutionConfigurationPlatforms) = preSolution
		Debug|Any CPU = Debug|Any CPU
		Debug|Mixed Platforms = Debug|Mixed Platforms
		Debug|x86 = Debug|x86
		Release|Any CPU = Release|Any CPU
		Release|Mixed Platforms = Release|Mixed Platforms
		Release|x86 = Release|x86
	EndGlobalSection
	GlobalSection(ProjectConfigurationPlatforms) = postSolution
		{5287BA1F-8DC8-472E-AA1E-C256DA1F4DFC}.Debug|Any CPU.ActiveCfg = Debug|x86
		{5287BA1F-8DC8-472E-AA1E-C256DA1F4DFC}.Debug|Mixed Platforms.ActiveCfg = Debug|x86
		{5287BA1F-8DC8-472E-AA1E-C256DA1F4DFC}.Debug|Mixed Platforms.Build.0 = Debug|x86
		{5287BA1F-8DC8-472E-AA1E-C256DA1F4DFC}.Debug|x86.ActiveCfg = Debug|x86
		{5287BA1F-8DC8-472E-AA1E-C256DA1F4DFC}.Debug|x86.Build.0 = Debug|x86
		{5287BA1F-8DC8-472E-AA1E-C256DA1F4DFC}.Release|Any CPU.ActiveCfg = Release|x86
		{5287BA1F-8DC8-472E-AA1E-C256DA1F4DFC}.Release|Mixed Platforms.ActiveCfg = Release|x86
		{5287BA1F-8DC8-472E-AA1E-C256DA1F4DFC}.Release|Mixed Platforms.Build.0 = Release|x86
		{5287BA1F-8DC8-472E-AA1E-C256DA1F4DFC}.Release|x86.ActiveCfg = Release|x86
		{5287BA1F-8DC8-472E-AA1E-C256DA1F4DFC}.Release|x86.Build.0 = Release|x86
		{BAA03485-E635-4EBE-AC5C-1966782C977F}.Debug|Any CPU.ActiveCfg = Debug|Any CPU
		{BAA03485-E635-4EBE-AC5C-1966782C977F}.Debug|Any CPU.Build.0 = Debug|Any CPU
		{BAA03485-E635-4EBE-AC5C-1966782C977F}.Debug|Mixed Platforms.ActiveCfg = Debug|Any CPU
		{BAA03485-E635-4EBE-AC5C-1966782C977F}.Debug|Mixed Platforms.Build.0 = Debug|Any CPU
		{BAA03485-E635-4EBE-AC5C-1966782C977F}.Debug|x86.ActiveCfg = Debug|Any CPU
		{BAA03485-E635-4EBE-AC5C-1966782C977F}.Release|Any CPU.ActiveCfg = Release|Any CPU
		{BAA03485-E635-4EBE-AC5C-1966782C977F}.Release|Any CPU.Build.0 = Release|Any CPU
		{BAA03485-E635-4EBE-AC5C-1966782C977F}.Release|Mixed Platforms.ActiveCfg = Release|Any CPU
		{BAA03485-E635-4EBE-AC5C-1966782C977F}.Release|Mixed Platforms.Build.0 = Release|Any CPU
		{BAA03485-E635-4EBE-AC5C-1966782C977F}.Release|x86.ActiveCfg = Release|Any CPU
		{E4BA95E0-EC5B-4C1A-88B2-8B3F0C0FD76C}.Debug|Any CPU.ActiveCfg = Debug|x86
		{E4BA95E0-EC5B-4C1A-88B2-8B3F0C0FD76C}.Debug|Mixed Platforms.ActiveCfg = Debug|x86
		{E4BA95E0-EC5B-4C1A-88B2-8B3F0C0FD76C}.Debug|Mixed Platforms.Build.0 = Debug|x86
		{E4BA95E0-EC5B-4C1A-88B2-8B3F0C0FD76C}.Debug|x86.ActiveCfg = Debug|x86
		{E4BA95E0-EC5B-4C1A-88B2-8B3F0C0FD76C}.Debug|x86.Build.0 = Debug|x86
		{E4BA95E0-EC5B-4C1A-88B2-8B3F0C0FD76C}.Release|Any CPU.ActiveCfg = Release|x86
		{E4BA95E0-EC5B-4C1A-88B2-8B3F0C0FD76C}.Release|Mixed Platforms.ActiveCfg = Release|x86
		{E4BA95E0-EC5B-4C1A-88B2-8B3F0C0FD76C}.Release|Mixed Platforms.Build.0 = Release|x86
		{E4BA95E0-EC5B-4C1A-88B2-8B3F0C0FD76C}.Release|x86.ActiveCfg = Release|x86
		{E4BA95E0-EC5B-4C1A-88B2-8B3F0C0FD76C}.Release|x86.Build.0 = Release|x86
	EndGlobalSection
	GlobalSection(SolutionProperties) = preSolution
		HideSolutionNode = FALSE
	EndGlobalSection
EndGlobal
